
Microsoft Visual Studio Solution File, Format Version 12.00
# Visual Studio Version 17
VisualStudioVersion = 17.3.32825.248
MinimumVisualStudioVersion = 10.0.40219.1
Project("{FAE04EC0-301F-11D3-BF4B-00C04F79EFBC}") = "1Labaratorinis", "..\Opp2-main\1Labaratorinis\1Labaratorinis.csproj", "{D6B2E9CB-0D34-4D17-B479-BE3556FF60A5}"
EndProject
Project("{FAE04EC0-301F-11D3-BF4B-00C04F79EFBC}") = "sav", "..\sav\sav\sav.csproj", "{C8841F46-F4A0-4B15-AFDE-24518DC4B4A3}"
EndProject
Project("{FAE04EC0-301F-11D3-BF4B-00C04F79EFBC}") = "2Lab", "..\2Lab\2Lab.csproj", "{9BEC94B7-3C3E-4839-9272-98B36EE3560F}"
EndProject
Global
	GlobalSection(SolutionConfigurationPlatforms) = preSolution
		Debug|Any CPU = Debug|Any CPU
		Release|Any CPU = Release|Any CPU
	EndGlobalSection
	GlobalSection(ProjectConfigurationPlatforms) = postSolution
		{D6B2E9CB-0D34-4D17-B479-BE3556FF60A5}.Debug|Any CPU.ActiveCfg = Debug|Any CPU
		{D6B2E9CB-0D34-4D17-B479-BE3556FF60A5}.Debug|Any CPU.Build.0 = Debug|Any CPU
		{D6B2E9CB-0D34-4D17-B479-BE3556FF60A5}.Release|Any CPU.ActiveCfg = Release|Any CPU
		{D6B2E9CB-0D34-4D17-B479-BE3556FF60A5}.Release|Any CPU.Build.0 = Release|Any CPU
		{C8841F46-F4A0-4B15-AFDE-24518DC4B4A3}.Debug|Any CPU.ActiveCfg = Debug|Any CPU
		{C8841F46-F4A0-4B15-AFDE-24518DC4B4A3}.Debug|Any CPU.Build.0 = Debug|Any CPU
		{C8841F46-F4A0-4B15-AFDE-24518DC4B4A3}.Release|Any CPU.ActiveCfg = Release|Any CPU
		{C8841F46-F4A0-4B15-AFDE-24518DC4B4A3}.Release|Any CPU.Build.0 = Release|Any CPU
		{9BEC94B7-3C3E-4839-9272-98B36EE3560F}.Debug|Any CPU.ActiveCfg = Debug|Any CPU
		{9BEC94B7-3C3E-4839-9272-98B36EE3560F}.Debug|Any CPU.Build.0 = Debug|Any CPU
		{9BEC94B7-3C3E-4839-9272-98B36EE3560F}.Release|Any CPU.ActiveCfg = Release|Any CPU
		{9BEC94B7-3C3E-4839-9272-98B36EE3560F}.Release|Any CPU.Build.0 = Release|Any CPU
	EndGlobalSection
	GlobalSection(SolutionProperties) = preSolution
		HideSolutionNode = FALSE
	EndGlobalSection
	GlobalSection(ExtensibilityGlobals) = postSolution
		SolutionGuid = {3EDE6E43-2F9D-4AD9-B9FD-0EC8CAEE5266}
	EndGlobalSection
EndGlobal
